
Microsoft Visual Studio Solution File, Format Version 12.00
# Visual Studio Version 16
VisualStudioVersion = 16.0.28531.58
MinimumVisualStudioVersion = 10.0.40219.1
Project("{8BC9CEB8-8B4A-11D0-8D11-00A0C91BC942}") = "NativeUtils", "NativeUtils\NativeUtils.vcxproj", "{BF6E413E-4903-41DA-8F5C-41C8F3BF75EE}"
EndProject
Project("{FAE04EC0-301F-11D3-BF4B-00C04F79EFBC}") = "BarcodeReader", "BarcodeReader\BarcodeReader.csproj", "{7BE1CC80-AD62-4E78-B6F5-C5ED3B4CA33F}"
EndProject
Global
	GlobalSection(SolutionConfigurationPlatforms) = preSolution
		Debug|x64 = Debug|x64
		Debug|x86 = Debug|x86
		Release|x64 = Release|x64
		Release|x86 = Release|x86
	EndGlobalSection
	GlobalSection(ProjectConfigurationPlatforms) = postSolution
		{BF6E413E-4903-41DA-8F5C-41C8F3BF75EE}.Debug|x64.ActiveCfg = Debug|x64
		{BF6E413E-4903-41DA-8F5C-41C8F3BF75EE}.Debug|x64.Build.0 = Debug|x64
		{BF6E413E-4903-41DA-8F5C-41C8F3BF75EE}.Debug|x86.ActiveCfg = Debug|Win32
		{BF6E413E-4903-41DA-8F5C-41C8F3BF75EE}.Debug|x86.Build.0 = Debug|Win32
		{BF6E413E-4903-41DA-8F5C-41C8F3BF75EE}.Release|x64.ActiveCfg = Release|x64
		{BF6E413E-4903-41DA-8F5C-41C8F3BF75EE}.Release|x64.Build.0 = Release|x64
		{BF6E413E-4903-41DA-8F5C-41C8F3BF75EE}.Release|x86.ActiveCfg = Release|Win32
		{BF6E413E-4903-41DA-8F5C-41C8F3BF75EE}.Release|x86.Build.0 = Release|Win32
		{7BE1CC80-AD62-4E78-B6F5-C5ED3B4CA33F}.Debug|x64.ActiveCfg = Debug|x64
		{7BE1CC80-AD62-4E78-B6F5-C5ED3B4CA33F}.Debug|x64.Build.0 = Debug|x64
		{7BE1CC80-AD62-4E78-B6F5-C5ED3B4CA33F}.Debug|x86.ActiveCfg = Debug|x86
		{7BE1CC80-AD62-4E78-B6F5-C5ED3B4CA33F}.Debug|x86.Build.0 = Debug|x86
		{7BE1CC80-AD62-4E78-B6F5-C5ED3B4CA33F}.Release|x64.ActiveCfg = Release|x64
		{7BE1CC80-AD62-4E78-B6F5-C5ED3B4CA33F}.Release|x64.Build.0 = Release|x64
		{7BE1CC80-AD62-4E78-B6F5-C5ED3B4CA33F}.Release|x86.ActiveCfg = Release|x86
		{7BE1CC80-AD62-4E78-B6F5-C5ED3B4CA33F}.Release|x86.Build.0 = Release|x86
	EndGlobalSection
	GlobalSection(SolutionProperties) = preSolution
		HideSolutionNode = FALSE
	EndGlobalSection
	GlobalSection(ExtensibilityGlobals) = postSolution
		SolutionGuid = {1C5498DB-6D78-4F2F-ACA7-F5B3AACA349E}
	EndGlobalSection
EndGlobal
